
Microsoft Visual Studio Solution File, Format Version 12.00
# Visual Studio 2012
Project("{FAE04EC0-301F-11D3-BF4B-00C04F79EFBC}") = "Platformer", "Platformer.csproj", "{606C8B99-C104-45A4-A002-35D60FF7A468}"
EndProject
Global
	GlobalSection(SolutionConfigurationPlatforms) = preSolution
		Debug|Any CPU = Debug|Any CPU
		Release|Any CPU = Release|Any CPU
	EndGlobalSection
	GlobalSection(ProjectConfigurationPlatforms) = postSolution
		{606C8B99-C104-45A4-A002-35D60FF7A468}.Debug|Any CPU.ActiveCfg = Debug|Any CPU
		{606C8B99-C104-45A4-A002-35D60FF7A468}.Debug|Any CPU.Build.0 = Debug|Any CPU
		{606C8B99-C104-45A4-A002-35D60FF7A468}.Release|Any CPU.ActiveCfg = Release|Any CPU
		{606C8B99-C104-45A4-A002-35D60FF7A468}.Release|Any CPU.Build.0 = Release|Any CPU
	EndGlobalSection
	GlobalSection(MonoDevelopProperties) = preSolution
		StartupItem = Platformer.csproj
	EndGlobalSection
EndGlobal
